
Microsoft Visual Studio Solution File, Format Version 12.00
# Visual Studio 2013
VisualStudioVersion = 12.0.31101.0
MinimumVisualStudioVersion = 10.0.40219.1
Project("{FAE04EC0-301F-11D3-BF4B-00C04F79EFBC}") = "MaxApp", "MaxApp\MaxApp.csproj", "{C1789A63-9F5A-4284-B49C-521F7CA5E634}"
EndProject
Project("{FAE04EC0-301F-11D3-BF4B-00C04F79EFBC}") = "MaxBll", "MaxBll\MaxBll.csproj", "{F50DE47A-35A4-4795-948D-F9F2C968B808}"
EndProject
Project("{FAE04EC0-301F-11D3-BF4B-00C04F79EFBC}") = "MaxData", "MaxData\MaxData.csproj", "{6A27F1FF-40F6-4CCE-8272-CC8ABCC44B31}"
EndProject
Global
	GlobalSection(SolutionConfigurationPlatforms) = preSolution
		Debug|Any CPU = Debug|Any CPU
		Release|Any CPU = Release|Any CPU
	EndGlobalSection
	GlobalSection(ProjectConfigurationPlatforms) = postSolution
		{C1789A63-9F5A-4284-B49C-521F7CA5E634}.Debug|Any CPU.ActiveCfg = Debug|Any CPU
		{C1789A63-9F5A-4284-B49C-521F7CA5E634}.Debug|Any CPU.Build.0 = Debug|Any CPU
		{C1789A63-9F5A-4284-B49C-521F7CA5E634}.Release|Any CPU.ActiveCfg = Release|Any CPU
		{C1789A63-9F5A-4284-B49C-521F7CA5E634}.Release|Any CPU.Build.0 = Release|Any CPU
		{F50DE47A-35A4-4795-948D-F9F2C968B808}.Debug|Any CPU.ActiveCfg = Debug|Any CPU
		{F50DE47A-35A4-4795-948D-F9F2C968B808}.Debug|Any CPU.Build.0 = Debug|Any CPU
		{F50DE47A-35A4-4795-948D-F9F2C968B808}.Release|Any CPU.ActiveCfg = Release|Any CPU
		{F50DE47A-35A4-4795-948D-F9F2C968B808}.Release|Any CPU.Build.0 = Release|Any CPU
		{6A27F1FF-40F6-4CCE-8272-CC8ABCC44B31}.Debug|Any CPU.ActiveCfg = Debug|Any CPU
		{6A27F1FF-40F6-4CCE-8272-CC8ABCC44B31}.Debug|Any CPU.Build.0 = Debug|Any CPU
		{6A27F1FF-40F6-4CCE-8272-CC8ABCC44B31}.Release|Any CPU.ActiveCfg = Release|Any CPU
		{6A27F1FF-40F6-4CCE-8272-CC8ABCC44B31}.Release|Any CPU.Build.0 = Release|Any CPU
	EndGlobalSection
	GlobalSection(SolutionProperties) = preSolution
		HideSolutionNode = FALSE
	EndGlobalSection
EndGlobal
